
Microsoft Visual Studio Solution File, Format Version 12.00
# Visual Studio Version 17
VisualStudioVersion = 17.2.32630.192
MinimumVisualStudioVersion = 10.0.40219.1
Project("{FAE04EC0-301F-11D3-BF4B-00C04F79EFBC}") = "pizzeria", "pizzeria\pizzeria.csproj", "{45FC1733-CE30-43D4-BC5B-2A240251BE8A}"
EndProject
Global
	GlobalSection(SolutionConfigurationPlatforms) = preSolution
		Debug|Any CPU = Debug|Any CPU
		Release|Any CPU = Release|Any CPU
	EndGlobalSection
	GlobalSection(ProjectConfigurationPlatforms) = postSolution
		{45FC1733-CE30-43D4-BC5B-2A240251BE8A}.Debug|Any CPU.ActiveCfg = Debug|Any CPU
		{45FC1733-CE30-43D4-BC5B-2A240251BE8A}.Debug|Any CPU.Build.0 = Debug|Any CPU
		{45FC1733-CE30-43D4-BC5B-2A240251BE8A}.Release|Any CPU.ActiveCfg = Release|Any CPU
		{45FC1733-CE30-43D4-BC5B-2A240251BE8A}.Release|Any CPU.Build.0 = Release|Any CPU
	EndGlobalSection
	GlobalSection(SolutionProperties) = preSolution
		HideSolutionNode = FALSE
	EndGlobalSection
	GlobalSection(ExtensibilityGlobals) = postSolution
		SolutionGuid = {CB650752-237C-415C-BB40-9E168D788366}
	EndGlobalSection
EndGlobal
